
Microsoft Visual Studio Solution File, Format Version 12.00
# Visual Studio Version 17
VisualStudioVersion = 17.4.33122.133
MinimumVisualStudioVersion = 10.0.40219.1
Project("{9A19103F-16F7-4668-BE54-9A1E7A4F7556}") = "SecretSharing", "SecretSharing\SecretSharing.csproj", "{9FFC0250-AD4D-4D9D-A0AC-3EDF0A2CF08F}"
EndProject
Project("{9A19103F-16F7-4668-BE54-9A1E7A4F7556}") = "SecretSharing.Test", "SecretSharing.Test\SecretSharing.Test.csproj", "{E1FD507E-D4DA-43A2-BB2D-735AAA0ABD9C}"
EndProject
Project("{9A19103F-16F7-4668-BE54-9A1E7A4F7556}") = "SecretSharing.Application", "SecretSharing.Application\SecretSharing.Application.csproj", "{2C34C5F1-8EB8-47FF-925A-64AEE4ADAB85}"
EndProject
Project("{9A19103F-16F7-4668-BE54-9A1E7A4F7556}") = "SecretSharing.Core", "SecretSharing.Core\SecretSharing.Core.csproj", "{353BCC67-1104-481D-9F67-8EA4301B45C9}"
EndProject
Project("{9A19103F-16F7-4668-BE54-9A1E7A4F7556}") = "SecretSharing.Infrastructure", "SecretSharing.Infrastructure\SecretSharing.Infrastructure.csproj", "{5B6E71A4-CA80-41FA-837B-FC8FAA4BC70D}"
EndProject
Global
	GlobalSection(SolutionConfigurationPlatforms) = preSolution
		Debug|Any CPU = Debug|Any CPU
		Release|Any CPU = Release|Any CPU
	EndGlobalSection
	GlobalSection(ProjectConfigurationPlatforms) = postSolution
		{9FFC0250-AD4D-4D9D-A0AC-3EDF0A2CF08F}.Debug|Any CPU.ActiveCfg = Debug|Any CPU
		{9FFC0250-AD4D-4D9D-A0AC-3EDF0A2CF08F}.Debug|Any CPU.Build.0 = Debug|Any CPU
		{9FFC0250-AD4D-4D9D-A0AC-3EDF0A2CF08F}.Release|Any CPU.ActiveCfg = Release|Any CPU
		{9FFC0250-AD4D-4D9D-A0AC-3EDF0A2CF08F}.Release|Any CPU.Build.0 = Release|Any CPU
		{E1FD507E-D4DA-43A2-BB2D-735AAA0ABD9C}.Debug|Any CPU.ActiveCfg = Debug|Any CPU
		{E1FD507E-D4DA-43A2-BB2D-735AAA0ABD9C}.Debug|Any CPU.Build.0 = Debug|Any CPU
		{E1FD507E-D4DA-43A2-BB2D-735AAA0ABD9C}.Release|Any CPU.ActiveCfg = Release|Any CPU
		{E1FD507E-D4DA-43A2-BB2D-735AAA0ABD9C}.Release|Any CPU.Build.0 = Release|Any CPU
		{2C34C5F1-8EB8-47FF-925A-64AEE4ADAB85}.Debug|Any CPU.ActiveCfg = Debug|Any CPU
		{2C34C5F1-8EB8-47FF-925A-64AEE4ADAB85}.Debug|Any CPU.Build.0 = Debug|Any CPU
		{2C34C5F1-8EB8-47FF-925A-64AEE4ADAB85}.Release|Any CPU.ActiveCfg = Release|Any CPU
		{2C34C5F1-8EB8-47FF-925A-64AEE4ADAB85}.Release|Any CPU.Build.0 = Release|Any CPU
		{353BCC67-1104-481D-9F67-8EA4301B45C9}.Debug|Any CPU.ActiveCfg = Debug|Any CPU
		{353BCC67-1104-481D-9F67-8EA4301B45C9}.Debug|Any CPU.Build.0 = Debug|Any CPU
		{353BCC67-1104-481D-9F67-8EA4301B45C9}.Release|Any CPU.ActiveCfg = Release|Any CPU
		{353BCC67-1104-481D-9F67-8EA4301B45C9}.Release|Any CPU.Build.0 = Release|Any CPU
		{5B6E71A4-CA80-41FA-837B-FC8FAA4BC70D}.Debug|Any CPU.ActiveCfg = Debug|Any CPU
		{5B6E71A4-CA80-41FA-837B-FC8FAA4BC70D}.Debug|Any CPU.Build.0 = Debug|Any CPU
		{5B6E71A4-CA80-41FA-837B-FC8FAA4BC70D}.Release|Any CPU.ActiveCfg = Release|Any CPU
		{5B6E71A4-CA80-41FA-837B-FC8FAA4BC70D}.Release|Any CPU.Build.0 = Release|Any CPU
	EndGlobalSection
	GlobalSection(SolutionProperties) = preSolution
		HideSolutionNode = FALSE
	EndGlobalSection
	GlobalSection(ExtensibilityGlobals) = postSolution
		SolutionGuid = {4994C84E-96BF-4BF5-AFA7-46B33CAC5E39}
	EndGlobalSection
EndGlobal
