
Microsoft Visual Studio Solution File, Format Version 12.00
# Visual Studio Version 17
VisualStudioVersion = 17.4.33122.133
MinimumVisualStudioVersion = 10.0.40219.1
Project("{FAE04EC0-301F-11D3-BF4B-00C04F79EFBC}") = "SecretSharing", "SecretSharing\SecretSharing.csproj", "{9FFC0250-AD4D-4D9D-A0AC-3EDF0A2CF08F}"
EndProject
Global
	GlobalSection(SolutionConfigurationPlatforms) = preSolution
		Debug|Any CPU = Debug|Any CPU
		Release|Any CPU = Release|Any CPU
	EndGlobalSection
	GlobalSection(ProjectConfigurationPlatforms) = postSolution
		{9FFC0250-AD4D-4D9D-A0AC-3EDF0A2CF08F}.Debug|Any CPU.ActiveCfg = Debug|Any CPU
		{9FFC0250-AD4D-4D9D-A0AC-3EDF0A2CF08F}.Debug|Any CPU.Build.0 = Debug|Any CPU
		{9FFC0250-AD4D-4D9D-A0AC-3EDF0A2CF08F}.Release|Any CPU.ActiveCfg = Release|Any CPU
		{9FFC0250-AD4D-4D9D-A0AC-3EDF0A2CF08F}.Release|Any CPU.Build.0 = Release|Any CPU
	EndGlobalSection
	GlobalSection(SolutionProperties) = preSolution
		HideSolutionNode = FALSE
	EndGlobalSection
	GlobalSection(ExtensibilityGlobals) = postSolution
		SolutionGuid = {4994C84E-96BF-4BF5-AFA7-46B33CAC5E39}
	EndGlobalSection
EndGlobal
